
Microsoft Visual Studio Solution File, Format Version 12.00
# Visual Studio Version 16
VisualStudioVersion = 16.0.30907.101
MinimumVisualStudioVersion = 10.0.40219.1
Project("{FAE04EC0-301F-11D3-BF4B-00C04F79EFBC}") = "HealthProfile", "HealthProfile.csproj", "{F10610D4-E43F-4E6B-8259-FF7ADB2A4466}"
EndProject
Global
	GlobalSection(SolutionConfigurationPlatforms) = preSolution
		Debug|Any CPU = Debug|Any CPU
		Release|Any CPU = Release|Any CPU
	EndGlobalSection
	GlobalSection(ProjectConfigurationPlatforms) = postSolution
		{F10610D4-E43F-4E6B-8259-FF7ADB2A4466}.Debug|Any CPU.ActiveCfg = Debug|Any CPU
		{F10610D4-E43F-4E6B-8259-FF7ADB2A4466}.Debug|Any CPU.Build.0 = Debug|Any CPU
		{F10610D4-E43F-4E6B-8259-FF7ADB2A4466}.Release|Any CPU.ActiveCfg = Release|Any CPU
		{F10610D4-E43F-4E6B-8259-FF7ADB2A4466}.Release|Any CPU.Build.0 = Release|Any CPU
	EndGlobalSection
	GlobalSection(SolutionProperties) = preSolution
		HideSolutionNode = FALSE
	EndGlobalSection
	GlobalSection(ExtensibilityGlobals) = postSolution
		SolutionGuid = {6FF879AE-C04A-4180-838D-F511E74571C6}
	EndGlobalSection
EndGlobal
